
Microsoft Visual Studio Solution File, Format Version 12.00
# Visual Studio Version 16
VisualStudioVersion = 16.0.30611.23
MinimumVisualStudioVersion = 10.0.40219.1
Project("{FAE04EC0-301F-11D3-BF4B-00C04F79EFBC}") = "OrderManagementApp.DesktopClient", "OrderManagementApp.DesktopClient\OrderManagementApp.DesktopClient.csproj", "{60F2E6AA-E0A5-48FA-B7E7-06471A30A6EA}"
EndProject
Project("{FAE04EC0-301F-11D3-BF4B-00C04F79EFBC}") = "OrderManagementApp.ServiceContract", "OrderManagementApp.ServiceContract\OrderManagementApp.ServiceContract.csproj", "{0F39252D-B28A-488F-8B9B-062CC9113B00}"
EndProject
Project("{FAE04EC0-301F-11D3-BF4B-00C04F79EFBC}") = "OrderManagementApp.Service", "OrderManagementApp.Service\OrderManagementApp.Service.csproj", "{600CB1B9-3779-45AD-88A4-A332063E916D}"
EndProject
Global
	GlobalSection(SolutionConfigurationPlatforms) = preSolution
		Debug|Any CPU = Debug|Any CPU
		Release|Any CPU = Release|Any CPU
	EndGlobalSection
	GlobalSection(ProjectConfigurationPlatforms) = postSolution
		{60F2E6AA-E0A5-48FA-B7E7-06471A30A6EA}.Debug|Any CPU.ActiveCfg = Debug|Any CPU
		{60F2E6AA-E0A5-48FA-B7E7-06471A30A6EA}.Debug|Any CPU.Build.0 = Debug|Any CPU
		{60F2E6AA-E0A5-48FA-B7E7-06471A30A6EA}.Release|Any CPU.ActiveCfg = Release|Any CPU
		{60F2E6AA-E0A5-48FA-B7E7-06471A30A6EA}.Release|Any CPU.Build.0 = Release|Any CPU
		{0F39252D-B28A-488F-8B9B-062CC9113B00}.Debug|Any CPU.ActiveCfg = Debug|Any CPU
		{0F39252D-B28A-488F-8B9B-062CC9113B00}.Debug|Any CPU.Build.0 = Debug|Any CPU
		{0F39252D-B28A-488F-8B9B-062CC9113B00}.Release|Any CPU.ActiveCfg = Release|Any CPU
		{0F39252D-B28A-488F-8B9B-062CC9113B00}.Release|Any CPU.Build.0 = Release|Any CPU
		{600CB1B9-3779-45AD-88A4-A332063E916D}.Debug|Any CPU.ActiveCfg = Debug|Any CPU
		{600CB1B9-3779-45AD-88A4-A332063E916D}.Debug|Any CPU.Build.0 = Debug|Any CPU
		{600CB1B9-3779-45AD-88A4-A332063E916D}.Release|Any CPU.ActiveCfg = Release|Any CPU
		{600CB1B9-3779-45AD-88A4-A332063E916D}.Release|Any CPU.Build.0 = Release|Any CPU
	EndGlobalSection
	GlobalSection(SolutionProperties) = preSolution
		HideSolutionNode = FALSE
	EndGlobalSection
	GlobalSection(ExtensibilityGlobals) = postSolution
		SolutionGuid = {1A3FD893-9774-4CF3-9FFE-CED2E278D13E}
	EndGlobalSection
EndGlobal
